
Microsoft Visual Studio Solution File, Format Version 12.00
# Visual Studio 2017
Project("{FAE04EC0-301F-11D3-BF4B-00C04F79EFBC}") = "MissionDemolition", "MissionDemolition.csproj", "{0AB3CE04-68B1-9FE7-3D5E-41C8EF88537F}"
EndProject
Global
	GlobalSection(SolutionConfigurationPlatforms) = preSolution
		Debug|Any CPU = Debug|Any CPU
		Release|Any CPU = Release|Any CPU
	EndGlobalSection
	GlobalSection(ProjectConfigurationPlatforms) = postSolution
		{0AB3CE04-68B1-9FE7-3D5E-41C8EF88537F}.Debug|Any CPU.ActiveCfg = Debug|Any CPU
		{0AB3CE04-68B1-9FE7-3D5E-41C8EF88537F}.Debug|Any CPU.Build.0 = Debug|Any CPU
		{0AB3CE04-68B1-9FE7-3D5E-41C8EF88537F}.Release|Any CPU.ActiveCfg = Release|Any CPU
		{0AB3CE04-68B1-9FE7-3D5E-41C8EF88537F}.Release|Any CPU.Build.0 = Release|Any CPU
	EndGlobalSection
	GlobalSection(SolutionProperties) = preSolution
		HideSolutionNode = FALSE
	EndGlobalSection
EndGlobal
